
Microsoft Visual Studio Solution File, Format Version 12.00
# Visual Studio Version 17
VisualStudioVersion = 17.8.34004.107
MinimumVisualStudioVersion = 10.0.40219.1
Project("{2150E333-8FDC-42A3-9474-1A3956D46DE8}") = "Tests", "Tests", "{EDFEDDB8-6660-4CDD-AFF9-0406A55A3F5D}"
EndProject
Project("{FAE04EC0-301F-11D3-BF4B-00C04F79EFBC}") = "GraphMapper.Common.Tests", "GraphMapper.Common.Tests\GraphMapper.Common.Tests.csproj", "{98B1F464-B4E6-4604-91AF-2B889F07A76A}"
EndProject
Project("{9A19103F-16F7-4668-BE54-9A1E7A4F7556}") = "GraphMapper.Common", "GraphMapper.Common\GraphMapper.Common.csproj", "{58B43786-574A-4BAC-B6F3-E14A36651311}"
EndProject
Global
	GlobalSection(SolutionConfigurationPlatforms) = preSolution
		Debug|Any CPU = Debug|Any CPU
		Release|Any CPU = Release|Any CPU
	EndGlobalSection
	GlobalSection(ProjectConfigurationPlatforms) = postSolution
		{98B1F464-B4E6-4604-91AF-2B889F07A76A}.Debug|Any CPU.ActiveCfg = Debug|Any CPU
		{98B1F464-B4E6-4604-91AF-2B889F07A76A}.Debug|Any CPU.Build.0 = Debug|Any CPU
		{98B1F464-B4E6-4604-91AF-2B889F07A76A}.Release|Any CPU.ActiveCfg = Release|Any CPU
		{98B1F464-B4E6-4604-91AF-2B889F07A76A}.Release|Any CPU.Build.0 = Release|Any CPU
		{58B43786-574A-4BAC-B6F3-E14A36651311}.Debug|Any CPU.ActiveCfg = Debug|Any CPU
		{58B43786-574A-4BAC-B6F3-E14A36651311}.Debug|Any CPU.Build.0 = Debug|Any CPU
		{58B43786-574A-4BAC-B6F3-E14A36651311}.Release|Any CPU.ActiveCfg = Release|Any CPU
		{58B43786-574A-4BAC-B6F3-E14A36651311}.Release|Any CPU.Build.0 = Release|Any CPU
	EndGlobalSection
	GlobalSection(SolutionProperties) = preSolution
		HideSolutionNode = FALSE
	EndGlobalSection
	GlobalSection(NestedProjects) = preSolution
		{98B1F464-B4E6-4604-91AF-2B889F07A76A} = {EDFEDDB8-6660-4CDD-AFF9-0406A55A3F5D}
	EndGlobalSection
	GlobalSection(ExtensibilityGlobals) = postSolution
		SolutionGuid = {CB817FED-F73B-4CE7-9F45-DD90D2A239BE}
	EndGlobalSection
EndGlobal
